// !$*UTF8*$!
{
	archiveVersion = 1;
	classes = {
	};
	objectVersion = 55;
	objects = {

/* Begin PBXBuildFile section */
		355191491179979A36A1264E /* Pods_DesenhoSemFio.framework in Frameworks */ = {isa = PBXBuildFile; fileRef = 1C169EB640CB75F55209DFF0 /* Pods_DesenhoSemFio.framework */; };
		DF69943428FD787700FF1C61 /* DesenhoSemFioApp.swift in Sources */ = {isa = PBXBuildFile; fileRef = DF69943328FD787700FF1C61 /* DesenhoSemFioApp.swift */; };
		DF69943628FD787700FF1C61 /* ContentView.swift in Sources */ = {isa = PBXBuildFile; fileRef = DF69943528FD787700FF1C61 /* ContentView.swift */; };
		DF69943828FD787900FF1C61 /* Assets.xcassets in Resources */ = {isa = PBXBuildFile; fileRef = DF69943728FD787900FF1C61 /* Assets.xcassets */; };
		DF69943B28FD787900FF1C61 /* Preview Assets.xcassets in Resources */ = {isa = PBXBuildFile; fileRef = DF69943A28FD787900FF1C61 /* Preview Assets.xcassets */; };
		DF69944228FD7C7F00FF1C61 /* ImageFunctions.swift in Sources */ = {isa = PBXBuildFile; fileRef = DF69944128FD7C7F00FF1C61 /* ImageFunctions.swift */; };
		DF69944428FD814C00FF1C61 /* Write.swift in Sources */ = {isa = PBXBuildFile; fileRef = DF69944328FD814C00FF1C61 /* Write.swift */; };
		DF69944628FDB6DA00FF1C61 /* CanvasView.swift in Sources */ = {isa = PBXBuildFile; fileRef = DF69944528FDB6DA00FF1C61 /* CanvasView.swift */; };
		DF69944928FDB70F00FF1C61 /* CanvasViewModel.swift in Sources */ = {isa = PBXBuildFile; fileRef = DF69944828FDB70F00FF1C61 /* CanvasViewModel.swift */; };
		DFFFE431290614CA0088AE22 /* EntryView.swift in Sources */ = {isa = PBXBuildFile; fileRef = DFFFE430290614CA0088AE22 /* EntryView.swift */; };
		DFFFE433290614D10088AE22 /* EntryViewModel.swift in Sources */ = {isa = PBXBuildFile; fileRef = DFFFE432290614D10088AE22 /* EntryViewModel.swift */; };
		DFFFE435290619160088AE22 /* GoogleService-Info.plist in Resources */ = {isa = PBXBuildFile; fileRef = DFFFE434290619160088AE22 /* GoogleService-Info.plist */; };
/* End PBXBuildFile section */

/* Begin PBXFileReference section */
		1C169EB640CB75F55209DFF0 /* Pods_DesenhoSemFio.framework */ = {isa = PBXFileReference; explicitFileType = wrapper.framework; includeInIndex = 0; path = Pods_DesenhoSemFio.framework; sourceTree = BUILT_PRODUCTS_DIR; };
		AEFE33918C86EA77A745C288 /* Pods-DesenhoSemFio.release.xcconfig */ = {isa = PBXFileReference; includeInIndex = 1; lastKnownFileType = text.xcconfig; name = "Pods-DesenhoSemFio.release.xcconfig"; path = "Target Support Files/Pods-DesenhoSemFio/Pods-DesenhoSemFio.release.xcconfig"; sourceTree = "<group>"; };
		DF69943028FD787700FF1C61 /* DesenhoSemFio.app */ = {isa = PBXFileReference; explicitFileType = wrapper.application; includeInIndex = 0; path = DesenhoSemFio.app; sourceTree = BUILT_PRODUCTS_DIR; };
		DF69943328FD787700FF1C61 /* DesenhoSemFioApp.swift */ = {isa = PBXFileReference; lastKnownFileType = sourcecode.swift; path = DesenhoSemFioApp.swift; sourceTree = "<group>"; };
		DF69943528FD787700FF1C61 /* ContentView.swift */ = {isa = PBXFileReference; lastKnownFileType = sourcecode.swift; path = ContentView.swift; sourceTree = "<group>"; };
		DF69943728FD787900FF1C61 /* Assets.xcassets */ = {isa = PBXFileReference; lastKnownFileType = folder.assetcatalog; path = Assets.xcassets; sourceTree = "<group>"; };
		DF69943A28FD787900FF1C61 /* Preview Assets.xcassets */ = {isa = PBXFileReference; lastKnownFileType = folder.assetcatalog; path = "Preview Assets.xcassets"; sourceTree = "<group>"; };
		DF69944128FD7C7F00FF1C61 /* ImageFunctions.swift */ = {isa = PBXFileReference; lastKnownFileType = sourcecode.swift; path = ImageFunctions.swift; sourceTree = "<group>"; };
		DF69944328FD814C00FF1C61 /* Write.swift */ = {isa = PBXFileReference; lastKnownFileType = sourcecode.swift; path = Write.swift; sourceTree = "<group>"; };
		DF69944528FDB6DA00FF1C61 /* CanvasView.swift */ = {isa = PBXFileReference; lastKnownFileType = sourcecode.swift; path = CanvasView.swift; sourceTree = "<group>"; };
		DF69944828FDB70F00FF1C61 /* CanvasViewModel.swift */ = {isa = PBXFileReference; lastKnownFileType = sourcecode.swift; path = CanvasViewModel.swift; sourceTree = "<group>"; };
		DFFFE430290614CA0088AE22 /* EntryView.swift */ = {isa = PBXFileReference; lastKnownFileType = sourcecode.swift; path = EntryView.swift; sourceTree = "<group>"; };
		DFFFE432290614D10088AE22 /* EntryViewModel.swift */ = {isa = PBXFileReference; lastKnownFileType = sourcecode.swift; path = EntryViewModel.swift; sourceTree = "<group>"; };
		DFFFE434290619160088AE22 /* GoogleService-Info.plist */ = {isa = PBXFileReference; fileEncoding = 4; lastKnownFileType = text.plist.xml; name = "GoogleService-Info.plist"; path = "../../../../Downloads/GoogleService-Info.plist"; sourceTree = "<group>"; };
		ECB1165126EA5D5AA6A05D84 /* Pods-DesenhoSemFio.debug.xcconfig */ = {isa = PBXFileReference; includeInIndex = 1; lastKnownFileType = text.xcconfig; name = "Pods-DesenhoSemFio.debug.xcconfig"; path = "Target Support Files/Pods-DesenhoSemFio/Pods-DesenhoSemFio.debug.xcconfig"; sourceTree = "<group>"; };
/* End PBXFileReference section */

/* Begin PBXFrameworksBuildPhase section */
		DF69942D28FD787700FF1C61 /* Frameworks */ = {
			isa = PBXFrameworksBuildPhase;
			buildActionMask = 2147483647;
			files = (
				355191491179979A36A1264E /* Pods_DesenhoSemFio.framework in Frameworks */,
			);
			runOnlyForDeploymentPostprocessing = 0;
		};
/* End PBXFrameworksBuildPhase section */

/* Begin PBXGroup section */
		90510E8B62A8E05F66858DF2 /* Pods */ = {
			isa = PBXGroup;
			children = (
				ECB1165126EA5D5AA6A05D84 /* Pods-DesenhoSemFio.debug.xcconfig */,
				AEFE33918C86EA77A745C288 /* Pods-DesenhoSemFio.release.xcconfig */,
			);
			name = Pods;
			path = Pods;
			sourceTree = "<group>";
		};
		CD0A8E8AE97FC81AFE1F75F0 /* Frameworks */ = {
			isa = PBXGroup;
			children = (
				1C169EB640CB75F55209DFF0 /* Pods_DesenhoSemFio.framework */,
			);
			name = Frameworks;
			sourceTree = "<group>";
		};
		DF69942728FD787700FF1C61 = {
			isa = PBXGroup;
			children = (
				DF69943228FD787700FF1C61 /* DesenhoSemFio */,
				DF69943128FD787700FF1C61 /* Products */,
				90510E8B62A8E05F66858DF2 /* Pods */,
				CD0A8E8AE97FC81AFE1F75F0 /* Frameworks */,
			);
			sourceTree = "<group>";
		};
		DF69943128FD787700FF1C61 /* Products */ = {
			isa = PBXGroup;
			children = (
				DF69943028FD787700FF1C61 /* DesenhoSemFio.app */,
			);
			name = Products;
			sourceTree = "<group>";
		};
		DF69943228FD787700FF1C61 /* DesenhoSemFio */ = {
			isa = PBXGroup;
			children = (
				DFFFE434290619160088AE22 /* GoogleService-Info.plist */,
				DFFFE42F290614C10088AE22 /* Entry */,
				DF69944728FDB70400FF1C61 /* Canvas */,
				DF69943328FD787700FF1C61 /* DesenhoSemFioApp.swift */,
				DF69943528FD787700FF1C61 /* ContentView.swift */,
				DF69943728FD787900FF1C61 /* Assets.xcassets */,
				DF69943928FD787900FF1C61 /* Preview Content */,
				DF69944128FD7C7F00FF1C61 /* ImageFunctions.swift */,
				DF69944328FD814C00FF1C61 /* Write.swift */,
			);
			path = DesenhoSemFio;
			sourceTree = "<group>";
		};
		DF69943928FD787900FF1C61 /* Preview Content */ = {
			isa = PBXGroup;
			children = (
				DF69943A28FD787900FF1C61 /* Preview Assets.xcassets */,
			);
			path = "Preview Content";
			sourceTree = "<group>";
		};
		DF69944728FDB70400FF1C61 /* Canvas */ = {
			isa = PBXGroup;
			children = (
				DF69944528FDB6DA00FF1C61 /* CanvasView.swift */,
				DF69944828FDB70F00FF1C61 /* CanvasViewModel.swift */,
			);
			path = Canvas;
			sourceTree = "<group>";
		};
		DFFFE42F290614C10088AE22 /* Entry */ = {
			isa = PBXGroup;
			children = (
				DFFFE430290614CA0088AE22 /* EntryView.swift */,
				DFFFE432290614D10088AE22 /* EntryViewModel.swift */,
			);
			path = Entry;
			sourceTree = "<group>";
		};
/* End PBXGroup section */

/* Begin PBXNativeTarget section */
		DF69942F28FD787700FF1C61 /* DesenhoSemFio */ = {
			isa = PBXNativeTarget;
			buildConfigurationList = DF69943E28FD787900FF1C61 /* Build configuration list for PBXNativeTarget "DesenhoSemFio" */;
			buildPhases = (
				24F5CE706E6F2B4D6872A72F /* [CP] Check Pods Manifest.lock */,
				DF69942C28FD787700FF1C61 /* Sources */,
				DF69942D28FD787700FF1C61 /* Frameworks */,
				DF69942E28FD787700FF1C61 /* Resources */,
				585B6311A5CA770B541AD4BE /* [CP] Embed Pods Frameworks */,
			);
			buildRules = (
			);
			dependencies = (
			);
			name = DesenhoSemFio;
			productName = DesenhoSemFio;
			productReference = DF69943028FD787700FF1C61 /* DesenhoSemFio.app */;
			productType = "com.apple.product-type.application";
		};
/* End PBXNativeTarget section */

/* Begin PBXProject section */
		DF69942828FD787700FF1C61 /* Project object */ = {
			isa = PBXProject;
			attributes = {
				BuildIndependentTargetsInParallel = 1;
				LastSwiftUpdateCheck = 1340;
				LastUpgradeCheck = 1340;
				TargetAttributes = {
					DF69942F28FD787700FF1C61 = {
						CreatedOnToolsVersion = 13.4.1;
					};
				};
			};
			buildConfigurationList = DF69942B28FD787700FF1C61 /* Build configuration list for PBXProject "DesenhoSemFio" */;
			compatibilityVersion = "Xcode 13.0";
			developmentRegion = en;
			hasScannedForEncodings = 0;
			knownRegions = (
				en,
				Base,
			);
			mainGroup = DF69942728FD787700FF1C61;
			productRefGroup = DF69943128FD787700FF1C61 /* Products */;
			projectDirPath = "";
			projectRoot = "";
			targets = (
				DF69942F28FD787700FF1C61 /* DesenhoSemFio */,
			);
		};
/* End PBXProject section */

/* Begin PBXResourcesBuildPhase section */
		DF69942E28FD787700FF1C61 /* Resources */ = {
			isa = PBXResourcesBuildPhase;
			buildActionMask = 2147483647;
			files = (
				DF69943B28FD787900FF1C61 /* Preview Assets.xcassets in Resources */,
				DF69943828FD787900FF1C61 /* Assets.xcassets in Resources */,
				DFFFE435290619160088AE22 /* GoogleService-Info.plist in Resources */,
			);
			runOnlyForDeploymentPostprocessing = 0;
		};
/* End PBXResourcesBuildPhase section */

/* Begin PBXShellScriptBuildPhase section */
		24F5CE706E6F2B4D6872A72F /* [CP] Check Pods Manifest.lock */ = {
			isa = PBXShellScriptBuildPhase;
			buildActionMask = 2147483647;
			files = (
			);
			inputFileListPaths = (
			);
			inputPaths = (
				"${PODS_PODFILE_DIR_PATH}/Podfile.lock",
				"${PODS_ROOT}/Manifest.lock",
			);
			name = "[CP] Check Pods Manifest.lock";
			outputFileListPaths = (
			);
			outputPaths = (
				"$(DERIVED_FILE_DIR)/Pods-DesenhoSemFio-checkManifestLockResult.txt",
			);
			runOnlyForDeploymentPostprocessing = 0;
			shellPath = /bin/sh;
			shellScript = "diff \"${PODS_PODFILE_DIR_PATH}/Podfile.lock\" \"${PODS_ROOT}/Manifest.lock\" > /dev/null\nif [ $? != 0 ] ; then\n    # print error to STDERR\n    echo \"error: The sandbox is not in sync with the Podfile.lock. Run 'pod install' or update your CocoaPods installation.\" >&2\n    exit 1\nfi\n# This output is used by Xcode 'outputs' to avoid re-running this script phase.\necho \"SUCCESS\" > \"${SCRIPT_OUTPUT_FILE_0}\"\n";
			showEnvVarsInLog = 0;
		};
		585B6311A5CA770B541AD4BE /* [CP] Embed Pods Frameworks */ = {
			isa = PBXShellScriptBuildPhase;
			buildActionMask = 2147483647;
			files = (
			);
			inputFileListPaths = (
				"${PODS_ROOT}/Target Support Files/Pods-DesenhoSemFio/Pods-DesenhoSemFio-frameworks-${CONFIGURATION}-input-files.xcfilelist",
			);
			name = "[CP] Embed Pods Frameworks";
			outputFileListPaths = (
				"${PODS_ROOT}/Target Support Files/Pods-DesenhoSemFio/Pods-DesenhoSemFio-frameworks-${CONFIGURATION}-output-files.xcfilelist",
			);
			runOnlyForDeploymentPostprocessing = 0;
			shellPath = /bin/sh;
			shellScript = "\"${PODS_ROOT}/Target Support Files/Pods-DesenhoSemFio/Pods-DesenhoSemFio-frameworks.sh\"\n";
			showEnvVarsInLog = 0;
		};
/* End PBXShellScriptBuildPhase section */

/* Begin PBXSourcesBuildPhase section */
		DF69942C28FD787700FF1C61 /* Sources */ = {
			isa = PBXSourcesBuildPhase;
			buildActionMask = 2147483647;
			files = (
				DF69944228FD7C7F00FF1C61 /* ImageFunctions.swift in Sources */,
				DF69944428FD814C00FF1C61 /* Write.swift in Sources */,
				DF69944928FDB70F00FF1C61 /* CanvasViewModel.swift in Sources */,
				DF69944628FDB6DA00FF1C61 /* CanvasView.swift in Sources */,
				DFFFE431290614CA0088AE22 /* EntryView.swift in Sources */,
				DFFFE433290614D10088AE22 /* EntryViewModel.swift in Sources */,
				DF69943628FD787700FF1C61 /* ContentView.swift in Sources */,
				DF69943428FD787700FF1C61 /* DesenhoSemFioApp.swift in Sources */,
			);
			runOnlyForDeploymentPostprocessing = 0;
		};
/* End PBXSourcesBuildPhase section */

/* Begin XCBuildConfiguration section */
		DF69943C28FD787900FF1C61 /* Debug */ = {
			isa = XCBuildConfiguration;
			buildSettings = {
				ALWAYS_SEARCH_USER_PATHS = NO;
				CLANG_ANALYZER_NONNULL = YES;
				CLANG_ANALYZER_NUMBER_OBJECT_CONVERSION = YES_AGGRESSIVE;
				CLANG_CXX_LANGUAGE_STANDARD = "gnu++17";
				CLANG_ENABLE_MODULES = YES;
				CLANG_ENABLE_OBJC_ARC = YES;
				CLANG_ENABLE_OBJC_WEAK = YES;
				CLANG_WARN_BLOCK_CAPTURE_AUTORELEASING = YES;
				CLANG_WARN_BOOL_CONVERSION = YES;
				CLANG_WARN_COMMA = YES;
				CLANG_WARN_CONSTANT_CONVERSION = YES;
				CLANG_WARN_DEPRECATED_OBJC_IMPLEMENTATIONS = YES;
				CLANG_WARN_DIRECT_OBJC_ISA_USAGE = YES_ERROR;
				CLANG_WARN_DOCUMENTATION_COMMENTS = YES;
				CLANG_WARN_EMPTY_BODY = YES;
				CLANG_WARN_ENUM_CONVERSION = YES;
				CLANG_WARN_INFINITE_RECURSION = YES;
				CLANG_WARN_INT_CONVERSION = YES;
				CLANG_WARN_NON_LITERAL_NULL_CONVERSION = YES;
				CLANG_WARN_OBJC_IMPLICIT_RETAIN_SELF = YES;
				CLANG_WARN_OBJC_LITERAL_CONVERSION = YES;
				CLANG_WARN_OBJC_ROOT_CLASS = YES_ERROR;
				CLANG_WARN_QUOTED_INCLUDE_IN_FRAMEWORK_HEADER = YES;
				CLANG_WARN_RANGE_LOOP_ANALYSIS = YES;
				CLANG_WARN_STRICT_PROTOTYPES = YES;
				CLANG_WARN_SUSPICIOUS_MOVE = YES;
				CLANG_WARN_UNGUARDED_AVAILABILITY = YES_AGGRESSIVE;
				CLANG_WARN_UNREACHABLE_CODE = YES;
				CLANG_WARN__DUPLICATE_METHOD_MATCH = YES;
				COPY_PHASE_STRIP = NO;
				DEBUG_INFORMATION_FORMAT = dwarf;
				ENABLE_STRICT_OBJC_MSGSEND = YES;
				ENABLE_TESTABILITY = YES;
				GCC_C_LANGUAGE_STANDARD = gnu11;
				GCC_DYNAMIC_NO_PIC = NO;
				GCC_NO_COMMON_BLOCKS = YES;
				GCC_OPTIMIZATION_LEVEL = 0;
				GCC_PREPROCESSOR_DEFINITIONS = (
					"DEBUG=1",
					"$(inherited)",
				);
				GCC_WARN_64_TO_32_BIT_CONVERSION = YES;
				GCC_WARN_ABOUT_RETURN_TYPE = YES_ERROR;
				GCC_WARN_UNDECLARED_SELECTOR = YES;
				GCC_WARN_UNINITIALIZED_AUTOS = YES_AGGRESSIVE;
				GCC_WARN_UNUSED_FUNCTION = YES;
				GCC_WARN_UNUSED_VARIABLE = YES;
				IPHONEOS_DEPLOYMENT_TARGET = 15.5;
				MTL_ENABLE_DEBUG_INFO = INCLUDE_SOURCE;
				MTL_FAST_MATH = YES;
				ONLY_ACTIVE_ARCH = YES;
				SDKROOT = iphoneos;
				SWIFT_ACTIVE_COMPILATION_CONDITIONS = DEBUG;
				SWIFT_OPTIMIZATION_LEVEL = "-Onone";
			};
			name = Debug;
		};
		DF69943D28FD787900FF1C61 /* Release */ = {
			isa = XCBuildConfiguration;
			buildSettings = {
				ALWAYS_SEARCH_USER_PATHS = NO;
				CLANG_ANALYZER_NONNULL = YES;
				CLANG_ANALYZER_NUMBER_OBJECT_CONVERSION = YES_AGGRESSIVE;
				CLANG_CXX_LANGUAGE_STANDARD = "gnu++17";
				CLANG_ENABLE_MODULES = YES;
				CLANG_ENABLE_OBJC_ARC = YES;
				CLANG_ENABLE_OBJC_WEAK = YES;
				CLANG_WARN_BLOCK_CAPTURE_AUTORELEASING = YES;
				CLANG_WARN_BOOL_CONVERSION = YES;
				CLANG_WARN_COMMA = YES;
				CLANG_WARN_CONSTANT_CONVERSION = YES;
				CLANG_WARN_DEPRECATED_OBJC_IMPLEMENTATIONS = YES;
				CLANG_WARN_DIRECT_OBJC_ISA_USAGE = YES_ERROR;
				CLANG_WARN_DOCUMENTATION_COMMENTS = YES;
				CLANG_WARN_EMPTY_BODY = YES;
				CLANG_WARN_ENUM_CONVERSION = YES;
				CLANG_WARN_INFINITE_RECURSION = YES;
				CLANG_WARN_INT_CONVERSION = YES;
				CLANG_WARN_NON_LITERAL_NULL_CONVERSION = YES;
				CLANG_WARN_OBJC_IMPLICIT_RETAIN_SELF = YES;
				CLANG_WARN_OBJC_LITERAL_CONVERSION = YES;
				CLANG_WARN_OBJC_ROOT_CLASS = YES_ERROR;
				CLANG_WARN_QUOTED_INCLUDE_IN_FRAMEWORK_HEADER = YES;
				CLANG_WARN_RANGE_LOOP_ANALYSIS = YES;
				CLANG_WARN_STRICT_PROTOTYPES = YES;
				CLANG_WARN_SUSPICIOUS_MOVE = YES;
				CLANG_WARN_UNGUARDED_AVAILABILITY = YES_AGGRESSIVE;
				CLANG_WARN_UNREACHABLE_CODE = YES;
				CLANG_WARN__DUPLICATE_METHOD_MATCH = YES;
				COPY_PHASE_STRIP = NO;
				DEBUG_INFORMATION_FORMAT = "dwarf-with-dsym";
				ENABLE_NS_ASSERTIONS = NO;
				ENABLE_STRICT_OBJC_MSGSEND = YES;
				GCC_C_LANGUAGE_STANDARD = gnu11;
				GCC_NO_COMMON_BLOCKS = YES;
				GCC_WARN_64_TO_32_BIT_CONVERSION = YES;
				GCC_WARN_ABOUT_RETURN_TYPE = YES_ERROR;
				GCC_WARN_UNDECLARED_SELECTOR = YES;
				GCC_WARN_UNINITIALIZED_AUTOS = YES_AGGRESSIVE;
				GCC_WARN_UNUSED_FUNCTION = YES;
				GCC_WARN_UNUSED_VARIABLE = YES;
				IPHONEOS_DEPLOYMENT_TARGET = 15.5;
				MTL_ENABLE_DEBUG_INFO = NO;
				MTL_FAST_MATH = YES;
				SDKROOT = iphoneos;
				SWIFT_COMPILATION_MODE = wholemodule;
				SWIFT_OPTIMIZATION_LEVEL = "-O";
				VALIDATE_PRODUCT = YES;
			};
			name = Release;
		};
		DF69943F28FD787900FF1C61 /* Debug */ = {
			isa = XCBuildConfiguration;
			baseConfigurationReference = ECB1165126EA5D5AA6A05D84 /* Pods-DesenhoSemFio.debug.xcconfig */;
			buildSettings = {
				ASSETCATALOG_COMPILER_APPICON_NAME = AppIcon;
				ASSETCATALOG_COMPILER_GLOBAL_ACCENT_COLOR_NAME = AccentColor;
				CODE_SIGN_STYLE = Automatic;
				CURRENT_PROJECT_VERSION = 1;
				DEVELOPMENT_ASSET_PATHS = "\"DesenhoSemFio/Preview Content\"";
				DEVELOPMENT_TEAM = 6525BU9D84;
				ENABLE_PREVIEWS = YES;
				GENERATE_INFOPLIST_FILE = YES;
				INFOPLIST_KEY_NSPhotoLibraryAddUsageDescription = "Save imagem on device";
				INFOPLIST_KEY_UIApplicationSceneManifest_Generation = YES;
				INFOPLIST_KEY_UIApplicationSupportsIndirectInputEvents = YES;
				INFOPLIST_KEY_UILaunchScreen_Generation = YES;
				INFOPLIST_KEY_UISupportedInterfaceOrientations_iPad = "UIInterfaceOrientationPortrait UIInterfaceOrientationPortraitUpsideDown UIInterfaceOrientationLandscapeLeft UIInterfaceOrientationLandscapeRight";
				INFOPLIST_KEY_UISupportedInterfaceOrientations_iPhone = "UIInterfaceOrientationPortrait UIInterfaceOrientationLandscapeLeft UIInterfaceOrientationLandscapeRight";
				LD_RUNPATH_SEARCH_PATHS = (
					"$(inherited)",
					"@executable_path/Frameworks",
				);
				MARKETING_VERSION = 1.0;
				PRODUCT_BUNDLE_IDENTIFIER = com.app.DesenhoSemFio;
				PRODUCT_NAME = "$(TARGET_NAME)";
				SWIFT_EMIT_LOC_STRINGS = YES;
				SWIFT_VERSION = 5.0;
				TARGETED_DEVICE_FAMILY = "1,2";
			};
			name = Debug;
		};
		DF69944028FD787900FF1C61 /* Release */ = {
			isa = XCBuildConfiguration;
			baseConfigurationReference = AEFE33918C86EA77A745C288 /* Pods-DesenhoSemFio.release.xcconfig */;
			buildSettings = {
				ASSETCATALOG_COMPILER_APPICON_NAME = AppIcon;
				ASSETCATALOG_COMPILER_GLOBAL_ACCENT_COLOR_NAME = AccentColor;
				CODE_SIGN_STYLE = Automatic;
				CURRENT_PROJECT_VERSION = 1;
				DEVELOPMENT_ASSET_PATHS = "\"DesenhoSemFio/Preview Content\"";
				DEVELOPMENT_TEAM = 6525BU9D84;
				ENABLE_PREVIEWS = YES;
				GENERATE_INFOPLIST_FILE = YES;
				INFOPLIST_KEY_NSPhotoLibraryAddUsageDescription = "Save imagem on device";
				INFOPLIST_KEY_UIApplicationSceneManifest_Generation = YES;
				INFOPLIST_KEY_UIApplicationSupportsIndirectInputEvents = YES;
				INFOPLIST_KEY_UILaunchScreen_Generation = YES;
				INFOPLIST_KEY_UISupportedInterfaceOrientations_iPad = "UIInterfaceOrientationPortrait UIInterfaceOrientationPortraitUpsideDown UIInterfaceOrientationLandscapeLeft UIInterfaceOrientationLandscapeRight";
				INFOPLIST_KEY_UISupportedInterfaceOrientations_iPhone = "UIInterfaceOrientationPortrait UIInterfaceOrientationLandscapeLeft UIInterfaceOrientationLandscapeRight";
				LD_RUNPATH_SEARCH_PATHS = (
					"$(inherited)",
					"@executable_path/Frameworks",
				);
				MARKETING_VERSION = 1.0;
				PRODUCT_BUNDLE_IDENTIFIER = com.app.DesenhoSemFio;
				PRODUCT_NAME = "$(TARGET_NAME)";
				SWIFT_EMIT_LOC_STRINGS = YES;
				SWIFT_VERSION = 5.0;
				TARGETED_DEVICE_FAMILY = "1,2";
			};
			name = Release;
		};
/* End XCBuildConfiguration section */

/* Begin XCConfigurationList section */
		DF69942B28FD787700FF1C61 /* Build configuration list for PBXProject "DesenhoSemFio" */ = {
			isa = XCConfigurationList;
			buildConfigurations = (
				DF69943C28FD787900FF1C61 /* Debug */,
				DF69943D28FD787900FF1C61 /* Release */,
			);
			defaultConfigurationIsVisible = 0;
			defaultConfigurationName = Release;
		};
		DF69943E28FD787900FF1C61 /* Build configuration list for PBXNativeTarget "DesenhoSemFio" */ = {
			isa = XCConfigurationList;
			buildConfigurations = (
				DF69943F28FD787900FF1C61 /* Debug */,
				DF69944028FD787900FF1C61 /* Release */,
			);
			defaultConfigurationIsVisible = 0;
			defaultConfigurationName = Release;
		};
/* End XCConfigurationList section */
	};
	rootObject = DF69942828FD787700FF1C61 /* Project object */;
}
